// !$*UTF8*$!
{
	archiveVersion = 1;
	classes = {
	};
	objectVersion = 56;
	objects = {

/* Begin PBXBuildFile section */
		E4AF311A2C9D877D007DC8B9 /* ThreatSheet.swift in Sources */ = {isa = PBXBuildFile; fileRef = E4AF31192C9D877D007DC8B9 /* ThreatSheet.swift */; };
		E4AF31212CA2C02D007DC8B9 /* FirebaseAnalytics in Frameworks */ = {isa = PBXBuildFile; productRef = E4AF31202CA2C02D007DC8B9 /* FirebaseAnalytics */; };
		E4AF31232CA2C02D007DC8B9 /* FirebaseAnalyticsOnDeviceConversion in Frameworks */ = {isa = PBXBuildFile; productRef = E4AF31222CA2C02D007DC8B9 /* FirebaseAnalyticsOnDeviceConversion */; };
		E4AF31252CA2C02D007DC8B9 /* FirebaseAnalyticsWithoutAdIdSupport in Frameworks */ = {isa = PBXBuildFile; productRef = E4AF31242CA2C02D007DC8B9 /* FirebaseAnalyticsWithoutAdIdSupport */; };
		E4AF31272CA2C02D007DC8B9 /* FirebaseAppCheck in Frameworks */ = {isa = PBXBuildFile; productRef = E4AF31262CA2C02D007DC8B9 /* FirebaseAppCheck */; };
		E4AF31292CA2C02D007DC8B9 /* FirebaseAppDistribution-Beta in Frameworks */ = {isa = PBXBuildFile; productRef = E4AF31282CA2C02D007DC8B9 /* FirebaseAppDistribution-Beta */; };
		E4AF312B2CA2C02D007DC8B9 /* FirebaseAuth in Frameworks */ = {isa = PBXBuildFile; productRef = E4AF312A2CA2C02D007DC8B9 /* FirebaseAuth */; };
		E4AF312D2CA2C02D007DC8B9 /* FirebaseAuthCombine-Community in Frameworks */ = {isa = PBXBuildFile; productRef = E4AF312C2CA2C02D007DC8B9 /* FirebaseAuthCombine-Community */; };
		E4AF312F2CA2C02D007DC8B9 /* FirebaseCrashlytics in Frameworks */ = {isa = PBXBuildFile; productRef = E4AF312E2CA2C02D007DC8B9 /* FirebaseCrashlytics */; };
		E4AF31312CA2C02D007DC8B9 /* FirebaseDatabase in Frameworks */ = {isa = PBXBuildFile; productRef = E4AF31302CA2C02D007DC8B9 /* FirebaseDatabase */; };
		E4AF31332CA2C02D007DC8B9 /* FirebaseDynamicLinks in Frameworks */ = {isa = PBXBuildFile; productRef = E4AF31322CA2C02D007DC8B9 /* FirebaseDynamicLinks */; };
		E4AF31352CA2C02D007DC8B9 /* FirebaseFirestore in Frameworks */ = {isa = PBXBuildFile; productRef = E4AF31342CA2C02D007DC8B9 /* FirebaseFirestore */; };
		E4AF31372CA2C02D007DC8B9 /* FirebaseFirestoreCombine-Community in Frameworks */ = {isa = PBXBuildFile; productRef = E4AF31362CA2C02D007DC8B9 /* FirebaseFirestoreCombine-Community */; };
		E4AF31392CA2C02D007DC8B9 /* FirebaseFunctions in Frameworks */ = {isa = PBXBuildFile; productRef = E4AF31382CA2C02D007DC8B9 /* FirebaseFunctions */; };
		E4AF313B2CA2C02D007DC8B9 /* FirebaseFunctionsCombine-Community in Frameworks */ = {isa = PBXBuildFile; productRef = E4AF313A2CA2C02D007DC8B9 /* FirebaseFunctionsCombine-Community */; };
		E4AF313D2CA2C02D007DC8B9 /* FirebaseInAppMessaging-Beta in Frameworks */ = {isa = PBXBuildFile; productRef = E4AF313C2CA2C02D007DC8B9 /* FirebaseInAppMessaging-Beta */; };
		E4AF313F2CA2C02D007DC8B9 /* FirebaseInstallations in Frameworks */ = {isa = PBXBuildFile; productRef = E4AF313E2CA2C02D007DC8B9 /* FirebaseInstallations */; };
		E4AF31412CA2C02D007DC8B9 /* FirebaseMLModelDownloader in Frameworks */ = {isa = PBXBuildFile; productRef = E4AF31402CA2C02D007DC8B9 /* FirebaseMLModelDownloader */; };
		E4AF31432CA2C02D007DC8B9 /* FirebaseMessaging in Frameworks */ = {isa = PBXBuildFile; productRef = E4AF31422CA2C02D007DC8B9 /* FirebaseMessaging */; };
		E4AF31452CA2C02D007DC8B9 /* FirebasePerformance in Frameworks */ = {isa = PBXBuildFile; productRef = E4AF31442CA2C02D007DC8B9 /* FirebasePerformance */; };
		E4AF31472CA2C02D007DC8B9 /* FirebaseRemoteConfig in Frameworks */ = {isa = PBXBuildFile; productRef = E4AF31462CA2C02D007DC8B9 /* FirebaseRemoteConfig */; };
		E4AF31492CA2C02D007DC8B9 /* FirebaseStorage in Frameworks */ = {isa = PBXBuildFile; productRef = E4AF31482CA2C02D007DC8B9 /* FirebaseStorage */; };
		E4AF314B2CA2C02D007DC8B9 /* FirebaseStorageCombine-Community in Frameworks */ = {isa = PBXBuildFile; productRef = E4AF314A2CA2C02D007DC8B9 /* FirebaseStorageCombine-Community */; settings = {ATTRIBUTES = (Required, ); }; };
		E4AF314D2CA2C02D007DC8B9 /* FirebaseVertexAI-Preview in Frameworks */ = {isa = PBXBuildFile; productRef = E4AF314C2CA2C02D007DC8B9 /* FirebaseVertexAI-Preview */; };
		E4AF314F2CA2CB0E007DC8B9 /* FireBaseAuthService.swift in Sources */ = {isa = PBXBuildFile; fileRef = E4AF314E2CA2CB0E007DC8B9 /* FireBaseAuthService.swift */; };
		E4CFA9AE2C8AFE1500F69D9D /* GameBuddyForgeApp.swift in Sources */ = {isa = PBXBuildFile; fileRef = E4CFA9AD2C8AFE1500F69D9D /* GameBuddyForgeApp.swift */; };
		E4CFA9B02C8AFE1500F69D9D /* GamesListView.swift in Sources */ = {isa = PBXBuildFile; fileRef = E4CFA9AF2C8AFE1500F69D9D /* GamesListView.swift */; };
		E4CFA9B22C8AFE1600F69D9D /* Assets.xcassets in Resources */ = {isa = PBXBuildFile; fileRef = E4CFA9B12C8AFE1600F69D9D /* Assets.xcassets */; };
		E4CFA9B52C8AFE1600F69D9D /* Preview Assets.xcassets in Resources */ = {isa = PBXBuildFile; fileRef = E4CFA9B42C8AFE1600F69D9D /* Preview Assets.xcassets */; };
		E4CFA9D92C8B13FF00F69D9D /* logo2-Kopie.png in Resources */ = {isa = PBXBuildFile; fileRef = E4CFA9D82C8B13FF00F69D9D /* logo2-Kopie.png */; };
		E4CFA9DC2C8EE03600F69D9D /* Game.swift in Sources */ = {isa = PBXBuildFile; fileRef = E4CFA9DB2C8EE03600F69D9D /* Game.swift */; };
		E4CFA9DF2C8EE42B00F69D9D /* GamesViewModel.swift in Sources */ = {isa = PBXBuildFile; fileRef = E4CFA9DE2C8EE42B00F69D9D /* GamesViewModel.swift */; };
		E4CFA9E22C8EEF1300F69D9D /* GamesRepository.swift in Sources */ = {isa = PBXBuildFile; fileRef = E4CFA9E12C8EEF1300F69D9D /* GamesRepository.swift */; };
		E4CFA9E52C8F0B0700F69D9D /* GamesRow.swift in Sources */ = {isa = PBXBuildFile; fileRef = E4CFA9E42C8F0B0700F69D9D /* GamesRow.swift */; };
		E4CFA9ED2C90583900F69D9D /* GameDetailView.swift in Sources */ = {isa = PBXBuildFile; fileRef = E4CFA9EC2C90583900F69D9D /* GameDetailView.swift */; };
		E4CFA9F02C91A52300F69D9D /* OnboardingView.swift in Sources */ = {isa = PBXBuildFile; fileRef = E4CFA9EF2C91A52300F69D9D /* OnboardingView.swift */; };
		E4CFA9F22C91A74E00F69D9D /* LogInView.swift in Sources */ = {isa = PBXBuildFile; fileRef = E4CFA9F12C91A74E00F69D9D /* LogInView.swift */; };
		E4CFA9F62C94381600F69D9D /* Sharpie-Bold.otf in Resources */ = {isa = PBXBuildFile; fileRef = E4CFA9F52C94381600F69D9D /* Sharpie-Bold.otf */; };
		E4CFA9FB2C943D6200F69D9D /* Tanker-Regular.otf in Resources */ = {isa = PBXBuildFile; fileRef = E4CFA9FA2C943D6200F69D9D /* Tanker-Regular.otf */; };
		E4CFA9FF2C9B044B00F69D9D /* RegisterScreen.swift in Sources */ = {isa = PBXBuildFile; fileRef = E4CFA9FE2C9B044B00F69D9D /* RegisterScreen.swift */; };
		E4F7DC632CA2DE0B008CDBA4 /* GoogleService-Info.plist in Resources */ = {isa = PBXBuildFile; fileRef = E4F7DC622CA2DE0B008CDBA4 /* GoogleService-Info.plist */; };
		E4FA7F962CAAD0D400886386 /* ThreatRepository.swift in Sources */ = {isa = PBXBuildFile; fileRef = E4FA7F952CAAD0D400886386 /* ThreatRepository.swift */; };
		E4FA7F982CAAD2DD00886386 /* Threat.swift in Sources */ = {isa = PBXBuildFile; fileRef = E4FA7F972CAAD2DD00886386 /* Threat.swift */; };
		E4FA7F9A2CAADB7B00886386 /* ThreatViewModel.swift in Sources */ = {isa = PBXBuildFile; fileRef = E4FA7F992CAADB7B00886386 /* ThreatViewModel.swift */; };
/* End PBXBuildFile section */

/* Begin PBXFileReference section */
		E4AF31192C9D877D007DC8B9 /* ThreatSheet.swift */ = {isa = PBXFileReference; lastKnownFileType = sourcecode.swift; path = ThreatSheet.swift; sourceTree = "<group>"; };
		E4AF314E2CA2CB0E007DC8B9 /* FireBaseAuthService.swift */ = {isa = PBXFileReference; lastKnownFileType = sourcecode.swift; path = FireBaseAuthService.swift; sourceTree = "<group>"; };
		E4CFA9AD2C8AFE1500F69D9D /* GameBuddyForgeApp.swift */ = {isa = PBXFileReference; lastKnownFileType = sourcecode.swift; path = GameBuddyForgeApp.swift; sourceTree = "<group>"; };
		E4CFA9AF2C8AFE1500F69D9D /* GamesListView.swift */ = {isa = PBXFileReference; lastKnownFileType = sourcecode.swift; path = GamesListView.swift; sourceTree = "<group>"; };
		E4CFA9B12C8AFE1600F69D9D /* Assets.xcassets */ = {isa = PBXFileReference; lastKnownFileType = folder.assetcatalog; path = Assets.xcassets; sourceTree = "<group>"; };
		E4CFA9B42C8AFE1600F69D9D /* Preview Assets.xcassets */ = {isa = PBXFileReference; lastKnownFileType = folder.assetcatalog; path = "Preview Assets.xcassets"; sourceTree = "<group>"; };
		E4CFA9D82C8B13FF00F69D9D /* logo2-Kopie.png */ = {isa = PBXFileReference; lastKnownFileType = image.png; path = "logo2-Kopie.png"; sourceTree = "<group>"; };
		E4CFA9DB2C8EE03600F69D9D /* Game.swift */ = {isa = PBXFileReference; lastKnownFileType = sourcecode.swift; path = Game.swift; sourceTree = "<group>"; };
		E4CFA9DE2C8EE42B00F69D9D /* GamesViewModel.swift */ = {isa = PBXFileReference; lastKnownFileType = sourcecode.swift; path = GamesViewModel.swift; sourceTree = "<group>"; };
		E4CFA9E12C8EEF1300F69D9D /* GamesRepository.swift */ = {isa = PBXFileReference; lastKnownFileType = sourcecode.swift; path = GamesRepository.swift; sourceTree = "<group>"; };
		E4CFA9E42C8F0B0700F69D9D /* GamesRow.swift */ = {isa = PBXFileReference; lastKnownFileType = sourcecode.swift; path = GamesRow.swift; sourceTree = "<group>"; };
		E4CFA9EC2C90583900F69D9D /* GameDetailView.swift */ = {isa = PBXFileReference; lastKnownFileType = sourcecode.swift; path = GameDetailView.swift; sourceTree = "<group>"; };
		E4CFA9EF2C91A52300F69D9D /* OnboardingView.swift */ = {isa = PBXFileReference; lastKnownFileType = sourcecode.swift; path = OnboardingView.swift; sourceTree = "<group>"; };
		E4CFA9F12C91A74E00F69D9D /* LogInView.swift */ = {isa = PBXFileReference; lastKnownFileType = sourcecode.swift; path = LogInView.swift; sourceTree = "<group>"; };
		E4CFA9F52C94381600F69D9D /* Sharpie-Bold.otf */ = {isa = PBXFileReference; lastKnownFileType = file; path = "Sharpie-Bold.otf"; sourceTree = "<group>"; };
		E4CFA9F92C9438E700F69D9D /* Info.plist */ = {isa = PBXFileReference; lastKnownFileType = text.plist.xml; path = Info.plist; sourceTree = "<group>"; };
		E4CFA9FA2C943D6200F69D9D /* Tanker-Regular.otf */ = {isa = PBXFileReference; lastKnownFileType = file; path = "Tanker-Regular.otf"; sourceTree = "<group>"; };
		E4CFA9FE2C9B044B00F69D9D /* RegisterScreen.swift */ = {isa = PBXFileReference; lastKnownFileType = sourcecode.swift; path = RegisterScreen.swift; sourceTree = "<group>"; };
		E4F7DC622CA2DE0B008CDBA4 /* GoogleService-Info.plist */ = {isa = PBXFileReference; fileEncoding = 4; lastKnownFileType = text.plist.xml; path = "GoogleService-Info.plist"; sourceTree = "<group>"; };
		E4FA7F942CA6A79600886386 /* GameBuddyForge.app */ = {isa = PBXFileReference; explicitFileType = wrapper.application; includeInIndex = 0; path = GameBuddyForge.app; sourceTree = BUILT_PRODUCTS_DIR; };
		E4FA7F952CAAD0D400886386 /* ThreatRepository.swift */ = {isa = PBXFileReference; lastKnownFileType = sourcecode.swift; path = ThreatRepository.swift; sourceTree = "<group>"; };
		E4FA7F972CAAD2DD00886386 /* Threat.swift */ = {isa = PBXFileReference; lastKnownFileType = sourcecode.swift; path = Threat.swift; sourceTree = "<group>"; };
		E4FA7F992CAADB7B00886386 /* ThreatViewModel.swift */ = {isa = PBXFileReference; lastKnownFileType = sourcecode.swift; path = ThreatViewModel.swift; sourceTree = "<group>"; };
/* End PBXFileReference section */

/* Begin PBXFrameworksBuildPhase section */
		E4CFA9A72C8AFE1500F69D9D /* Frameworks */ = {
			isa = PBXFrameworksBuildPhase;
			buildActionMask = 2147483647;
			files = (
				E4AF314B2CA2C02D007DC8B9 /* FirebaseStorageCombine-Community in Frameworks */,
				E4AF31432CA2C02D007DC8B9 /* FirebaseMessaging in Frameworks */,
				E4AF31412CA2C02D007DC8B9 /* FirebaseMLModelDownloader in Frameworks */,
				E4AF31272CA2C02D007DC8B9 /* FirebaseAppCheck in Frameworks */,
				E4AF312B2CA2C02D007DC8B9 /* FirebaseAuth in Frameworks */,
				E4AF31212CA2C02D007DC8B9 /* FirebaseAnalytics in Frameworks */,
				E4AF31292CA2C02D007DC8B9 /* FirebaseAppDistribution-Beta in Frameworks */,
				E4AF31252CA2C02D007DC8B9 /* FirebaseAnalyticsWithoutAdIdSupport in Frameworks */,
				E4AF312F2CA2C02D007DC8B9 /* FirebaseCrashlytics in Frameworks */,
				E4AF31312CA2C02D007DC8B9 /* FirebaseDatabase in Frameworks */,
				E4AF313B2CA2C02D007DC8B9 /* FirebaseFunctionsCombine-Community in Frameworks */,
				E4AF312D2CA2C02D007DC8B9 /* FirebaseAuthCombine-Community in Frameworks */,
				E4AF31492CA2C02D007DC8B9 /* FirebaseStorage in Frameworks */,
				E4AF31232CA2C02D007DC8B9 /* FirebaseAnalyticsOnDeviceConversion in Frameworks */,
				E4AF31392CA2C02D007DC8B9 /* FirebaseFunctions in Frameworks */,
				E4AF313F2CA2C02D007DC8B9 /* FirebaseInstallations in Frameworks */,
				E4AF31452CA2C02D007DC8B9 /* FirebasePerformance in Frameworks */,
				E4AF31372CA2C02D007DC8B9 /* FirebaseFirestoreCombine-Community in Frameworks */,
				E4AF31352CA2C02D007DC8B9 /* FirebaseFirestore in Frameworks */,
				E4AF31332CA2C02D007DC8B9 /* FirebaseDynamicLinks in Frameworks */,
				E4AF313D2CA2C02D007DC8B9 /* FirebaseInAppMessaging-Beta in Frameworks */,
				E4AF314D2CA2C02D007DC8B9 /* FirebaseVertexAI-Preview in Frameworks */,
				E4AF31472CA2C02D007DC8B9 /* FirebaseRemoteConfig in Frameworks */,
			);
			runOnlyForDeploymentPostprocessing = 0;
		};
/* End PBXFrameworksBuildPhase section */

/* Begin PBXGroup section */
		E4AF31522CA2CE02007DC8B9 /* Services */ = {
			isa = PBXGroup;
			children = (
				E4AF314E2CA2CB0E007DC8B9 /* FireBaseAuthService.swift */,
			);
			path = Services;
			sourceTree = "<group>";
		};
		E4CFA9A12C8AFE1500F69D9D = {
			isa = PBXGroup;
			children = (
				E4CFA9D72C8B13E600F69D9D /* image */,
				E4CFA9AC2C8AFE1500F69D9D /* GameBuddyForge */,
				E4F7DBFD2CA2D87D008CDBA4 /* Frameworks */,
				E4FA7F942CA6A79600886386 /* GameBuddyForge.app */,
			);
			sourceTree = "<group>";
		};
		E4CFA9AC2C8AFE1500F69D9D /* GameBuddyForge */ = {
			isa = PBXGroup;
			children = (
				E4CFA9F92C9438E700F69D9D /* Info.plist */,
				E4F7DC622CA2DE0B008CDBA4 /* GoogleService-Info.plist */,
				E4CFA9AD2C8AFE1500F69D9D /* GameBuddyForgeApp.swift */,
				E4AF31522CA2CE02007DC8B9 /* Services */,
				E4CFA9F42C9437F500F69D9D /* Font */,
				E4CFA9E32C8F07F300F69D9D /* View */,
				E4CFA9E02C8EEF0200F69D9D /* Repository */,
				E4CFA9DD2C8EE41A00F69D9D /* Viewmodel */,
				E4CFA9DA2C8EE02200F69D9D /* Model */,
				E4CFA9B12C8AFE1600F69D9D /* Assets.xcassets */,
				E4CFA9B32C8AFE1600F69D9D /* Preview Content */,
			);
			path = GameBuddyForge;
			sourceTree = "<group>";
		};
		E4CFA9B32C8AFE1600F69D9D /* Preview Content */ = {
			isa = PBXGroup;
			children = (
				E4CFA9B42C8AFE1600F69D9D /* Preview Assets.xcassets */,
			);
			path = "Preview Content";
			sourceTree = "<group>";
		};
		E4CFA9D72C8B13E600F69D9D /* image */ = {
			isa = PBXGroup;
			children = (
				E4CFA9D82C8B13FF00F69D9D /* logo2-Kopie.png */,
			);
			path = image;
			sourceTree = "<group>";
		};
		E4CFA9DA2C8EE02200F69D9D /* Model */ = {
			isa = PBXGroup;
			children = (
				E4CFA9DB2C8EE03600F69D9D /* Game.swift */,
				E4FA7F972CAAD2DD00886386 /* Threat.swift */,
			);
			path = Model;
			sourceTree = "<group>";
		};
		E4CFA9DD2C8EE41A00F69D9D /* Viewmodel */ = {
			isa = PBXGroup;
			children = (
				E4CFA9DE2C8EE42B00F69D9D /* GamesViewModel.swift */,
				E4FA7F992CAADB7B00886386 /* ThreatViewModel.swift */,
			);
			path = Viewmodel;
			sourceTree = "<group>";
		};
		E4CFA9E02C8EEF0200F69D9D /* Repository */ = {
			isa = PBXGroup;
			children = (
				E4CFA9E12C8EEF1300F69D9D /* GamesRepository.swift */,
				E4FA7F952CAAD0D400886386 /* ThreatRepository.swift */,
			);
			path = Repository;
			sourceTree = "<group>";
		};
		E4CFA9E32C8F07F300F69D9D /* View */ = {
			isa = PBXGroup;
			children = (
				E4CFA9F32C94342800F69D9D /* Components */,
				E4CFA9EF2C91A52300F69D9D /* OnboardingView.swift */,
				E4CFA9F12C91A74E00F69D9D /* LogInView.swift */,
				E4CFA9AF2C8AFE1500F69D9D /* GamesListView.swift */,
				E4CFA9EC2C90583900F69D9D /* GameDetailView.swift */,
				E4CFA9FE2C9B044B00F69D9D /* RegisterScreen.swift */,
			);
			path = View;
			sourceTree = "<group>";
		};
		E4CFA9F32C94342800F69D9D /* Components */ = {
			isa = PBXGroup;
			children = (
				E4CFA9E42C8F0B0700F69D9D /* GamesRow.swift */,
				E4AF31192C9D877D007DC8B9 /* ThreatSheet.swift */,
			);
			path = Components;
			sourceTree = "<group>";
		};
		E4CFA9F42C9437F500F69D9D /* Font */ = {
			isa = PBXGroup;
			children = (
				E4CFA9FA2C943D6200F69D9D /* Tanker-Regular.otf */,
				E4CFA9F52C94381600F69D9D /* Sharpie-Bold.otf */,
			);
			path = Font;
			sourceTree = "<group>";
		};
		E4F7DBFD2CA2D87D008CDBA4 /* Frameworks */ = {
			isa = PBXGroup;
			children = (
			);
			name = Frameworks;
			sourceTree = "<group>";
		};
/* End PBXGroup section */

/* Begin PBXNativeTarget section */
		E4CFA9A92C8AFE1500F69D9D /* GameBuddyForge */ = {
			isa = PBXNativeTarget;
			buildConfigurationList = E4CFA9CE2C8AFE1700F69D9D /* Build configuration list for PBXNativeTarget "GameBuddyForge" */;
			buildPhases = (
				E4CFA9A62C8AFE1500F69D9D /* Sources */,
				E4CFA9A72C8AFE1500F69D9D /* Frameworks */,
				E4CFA9A82C8AFE1500F69D9D /* Resources */,
			);
			buildRules = (
			);
			dependencies = (
			);
			name = GameBuddyForge;
			packageProductDependencies = (
				E4AF31202CA2C02D007DC8B9 /* FirebaseAnalytics */,
				E4AF31222CA2C02D007DC8B9 /* FirebaseAnalyticsOnDeviceConversion */,
				E4AF31242CA2C02D007DC8B9 /* FirebaseAnalyticsWithoutAdIdSupport */,
				E4AF31262CA2C02D007DC8B9 /* FirebaseAppCheck */,
				E4AF31282CA2C02D007DC8B9 /* FirebaseAppDistribution-Beta */,
				E4AF312A2CA2C02D007DC8B9 /* FirebaseAuth */,
				E4AF312C2CA2C02D007DC8B9 /* FirebaseAuthCombine-Community */,
				E4AF312E2CA2C02D007DC8B9 /* FirebaseCrashlytics */,
				E4AF31302CA2C02D007DC8B9 /* FirebaseDatabase */,
				E4AF31322CA2C02D007DC8B9 /* FirebaseDynamicLinks */,
				E4AF31342CA2C02D007DC8B9 /* FirebaseFirestore */,
				E4AF31362CA2C02D007DC8B9 /* FirebaseFirestoreCombine-Community */,
				E4AF31382CA2C02D007DC8B9 /* FirebaseFunctions */,
				E4AF313A2CA2C02D007DC8B9 /* FirebaseFunctionsCombine-Community */,
				E4AF313C2CA2C02D007DC8B9 /* FirebaseInAppMessaging-Beta */,
				E4AF313E2CA2C02D007DC8B9 /* FirebaseInstallations */,
				E4AF31402CA2C02D007DC8B9 /* FirebaseMLModelDownloader */,
				E4AF31422CA2C02D007DC8B9 /* FirebaseMessaging */,
				E4AF31442CA2C02D007DC8B9 /* FirebasePerformance */,
				E4AF31462CA2C02D007DC8B9 /* FirebaseRemoteConfig */,
				E4AF31482CA2C02D007DC8B9 /* FirebaseStorage */,
				E4AF314A2CA2C02D007DC8B9 /* FirebaseStorageCombine-Community */,
				E4AF314C2CA2C02D007DC8B9 /* FirebaseVertexAI-Preview */,
			);
			productName = GameBuddyForge;
			productReference = E4FA7F942CA6A79600886386 /* GameBuddyForge.app */;
			productType = "com.apple.product-type.application";
		};
/* End PBXNativeTarget section */

/* Begin PBXProject section */
		E4CFA9A22C8AFE1500F69D9D /* Project object */ = {
			isa = PBXProject;
			attributes = {
				BuildIndependentTargetsInParallel = 1;
				LastSwiftUpdateCheck = 1540;
				LastUpgradeCheck = 1540;
				TargetAttributes = {
					E4CFA9A92C8AFE1500F69D9D = {
						CreatedOnToolsVersion = 15.4;
					};
				};
			};
			buildConfigurationList = E4CFA9A52C8AFE1500F69D9D /* Build configuration list for PBXProject "GameBuddyForge" */;
			compatibilityVersion = "Xcode 14.0";
			developmentRegion = en;
			hasScannedForEncodings = 0;
			knownRegions = (
				en,
				Base,
			);
			mainGroup = E4CFA9A12C8AFE1500F69D9D;
			packageReferences = (
				E4AF311F2CA2C02D007DC8B9 /* XCRemoteSwiftPackageReference "firebase-ios-sdk" */,
			);
			productRefGroup = E4CFA9A12C8AFE1500F69D9D;
			projectDirPath = "";
			projectRoot = "";
			targets = (
				E4CFA9A92C8AFE1500F69D9D /* GameBuddyForge */,
			);
		};
/* End PBXProject section */

/* Begin PBXResourcesBuildPhase section */
		E4CFA9A82C8AFE1500F69D9D /* Resources */ = {
			isa = PBXResourcesBuildPhase;
			buildActionMask = 2147483647;
			files = (
				E4CFA9B52C8AFE1600F69D9D /* Preview Assets.xcassets in Resources */,
				E4CFA9FB2C943D6200F69D9D /* Tanker-Regular.otf in Resources */,
				E4CFA9F62C94381600F69D9D /* Sharpie-Bold.otf in Resources */,
				E4CFA9B22C8AFE1600F69D9D /* Assets.xcassets in Resources */,
				E4CFA9D92C8B13FF00F69D9D /* logo2-Kopie.png in Resources */,
				E4F7DC632CA2DE0B008CDBA4 /* GoogleService-Info.plist in Resources */,
			);
			runOnlyForDeploymentPostprocessing = 0;
		};
/* End PBXResourcesBuildPhase section */

/* Begin PBXSourcesBuildPhase section */
		E4CFA9A62C8AFE1500F69D9D /* Sources */ = {
			isa = PBXSourcesBuildPhase;
			buildActionMask = 2147483647;
			files = (
				E4AF314F2CA2CB0E007DC8B9 /* FireBaseAuthService.swift in Sources */,
				E4FA7F982CAAD2DD00886386 /* Threat.swift in Sources */,
				E4AF311A2C9D877D007DC8B9 /* ThreatSheet.swift in Sources */,
				E4FA7F962CAAD0D400886386 /* ThreatRepository.swift in Sources */,
				E4CFA9E22C8EEF1300F69D9D /* GamesRepository.swift in Sources */,
				E4CFA9ED2C90583900F69D9D /* GameDetailView.swift in Sources */,
				E4CFA9DF2C8EE42B00F69D9D /* GamesViewModel.swift in Sources */,
				E4FA7F9A2CAADB7B00886386 /* ThreatViewModel.swift in Sources */,
				E4CFA9E52C8F0B0700F69D9D /* GamesRow.swift in Sources */,
				E4CFA9B02C8AFE1500F69D9D /* GamesListView.swift in Sources */,
				E4CFA9FF2C9B044B00F69D9D /* RegisterScreen.swift in Sources */,
				E4CFA9F02C91A52300F69D9D /* OnboardingView.swift in Sources */,
				E4CFA9F22C91A74E00F69D9D /* LogInView.swift in Sources */,
				E4CFA9DC2C8EE03600F69D9D /* Game.swift in Sources */,
				E4CFA9AE2C8AFE1500F69D9D /* GameBuddyForgeApp.swift in Sources */,
			);
			runOnlyForDeploymentPostprocessing = 0;
		};
/* End PBXSourcesBuildPhase section */

/* Begin XCBuildConfiguration section */
		E4CFA9CC2C8AFE1700F69D9D /* Debug */ = {
			isa = XCBuildConfiguration;
			buildSettings = {
				ALWAYS_SEARCH_USER_PATHS = NO;
				ASSETCATALOG_COMPILER_GENERATE_SWIFT_ASSET_SYMBOL_EXTENSIONS = YES;
				CLANG_ANALYZER_NONNULL = YES;
				CLANG_ANALYZER_NUMBER_OBJECT_CONVERSION = YES_AGGRESSIVE;
				CLANG_CXX_LANGUAGE_STANDARD = "gnu++20";
				CLANG_ENABLE_MODULES = YES;
				CLANG_ENABLE_OBJC_ARC = YES;
				CLANG_ENABLE_OBJC_WEAK = YES;
				CLANG_WARN_BLOCK_CAPTURE_AUTORELEASING = YES;
				CLANG_WARN_BOOL_CONVERSION = YES;
				CLANG_WARN_COMMA = YES;
				CLANG_WARN_CONSTANT_CONVERSION = YES;
				CLANG_WARN_DEPRECATED_OBJC_IMPLEMENTATIONS = YES;
				CLANG_WARN_DIRECT_OBJC_ISA_USAGE = YES_ERROR;
				CLANG_WARN_DOCUMENTATION_COMMENTS = YES;
				CLANG_WARN_EMPTY_BODY = YES;
				CLANG_WARN_ENUM_CONVERSION = YES;
				CLANG_WARN_INFINITE_RECURSION = YES;
				CLANG_WARN_INT_CONVERSION = YES;
				CLANG_WARN_NON_LITERAL_NULL_CONVERSION = YES;
				CLANG_WARN_OBJC_IMPLICIT_RETAIN_SELF = YES;
				CLANG_WARN_OBJC_LITERAL_CONVERSION = YES;
				CLANG_WARN_OBJC_ROOT_CLASS = YES_ERROR;
				CLANG_WARN_QUOTED_INCLUDE_IN_FRAMEWORK_HEADER = YES;
				CLANG_WARN_RANGE_LOOP_ANALYSIS = YES;
				CLANG_WARN_STRICT_PROTOTYPES = YES;
				CLANG_WARN_SUSPICIOUS_MOVE = YES;
				CLANG_WARN_UNGUARDED_AVAILABILITY = YES_AGGRESSIVE;
				CLANG_WARN_UNREACHABLE_CODE = YES;
				CLANG_WARN__DUPLICATE_METHOD_MATCH = YES;
				COPY_PHASE_STRIP = NO;
				DEBUG_INFORMATION_FORMAT = dwarf;
				ENABLE_STRICT_OBJC_MSGSEND = YES;
				ENABLE_TESTABILITY = YES;
				ENABLE_USER_SCRIPT_SANDBOXING = YES;
				GCC_C_LANGUAGE_STANDARD = gnu17;
				GCC_DYNAMIC_NO_PIC = NO;
				GCC_NO_COMMON_BLOCKS = YES;
				GCC_OPTIMIZATION_LEVEL = 0;
				GCC_PREPROCESSOR_DEFINITIONS = (
					"DEBUG=1",
					"$(inherited)",
				);
				GCC_WARN_64_TO_32_BIT_CONVERSION = YES;
				GCC_WARN_ABOUT_RETURN_TYPE = YES_ERROR;
				GCC_WARN_UNDECLARED_SELECTOR = YES;
				GCC_WARN_UNINITIALIZED_AUTOS = YES_AGGRESSIVE;
				GCC_WARN_UNUSED_FUNCTION = YES;
				GCC_WARN_UNUSED_VARIABLE = YES;
				IPHONEOS_DEPLOYMENT_TARGET = 17.5;
				LOCALIZATION_PREFERS_STRING_CATALOGS = YES;
				MTL_ENABLE_DEBUG_INFO = INCLUDE_SOURCE;
				MTL_FAST_MATH = YES;
				ONLY_ACTIVE_ARCH = YES;
				SDKROOT = iphoneos;
				SWIFT_ACTIVE_COMPILATION_CONDITIONS = "DEBUG $(inherited)";
				SWIFT_OPTIMIZATION_LEVEL = "-Onone";
			};
			name = Debug;
		};
		E4CFA9CD2C8AFE1700F69D9D /* Release */ = {
			isa = XCBuildConfiguration;
			buildSettings = {
				ALWAYS_SEARCH_USER_PATHS = NO;
				ASSETCATALOG_COMPILER_GENERATE_SWIFT_ASSET_SYMBOL_EXTENSIONS = YES;
				CLANG_ANALYZER_NONNULL = YES;
				CLANG_ANALYZER_NUMBER_OBJECT_CONVERSION = YES_AGGRESSIVE;
				CLANG_CXX_LANGUAGE_STANDARD = "gnu++20";
				CLANG_ENABLE_MODULES = YES;
				CLANG_ENABLE_OBJC_ARC = YES;
				CLANG_ENABLE_OBJC_WEAK = YES;
				CLANG_WARN_BLOCK_CAPTURE_AUTORELEASING = YES;
				CLANG_WARN_BOOL_CONVERSION = YES;
				CLANG_WARN_COMMA = YES;
				CLANG_WARN_CONSTANT_CONVERSION = YES;
				CLANG_WARN_DEPRECATED_OBJC_IMPLEMENTATIONS = YES;
				CLANG_WARN_DIRECT_OBJC_ISA_USAGE = YES_ERROR;
				CLANG_WARN_DOCUMENTATION_COMMENTS = YES;
				CLANG_WARN_EMPTY_BODY = YES;
				CLANG_WARN_ENUM_CONVERSION = YES;
				CLANG_WARN_INFINITE_RECURSION = YES;
				CLANG_WARN_INT_CONVERSION = YES;
				CLANG_WARN_NON_LITERAL_NULL_CONVERSION = YES;
				CLANG_WARN_OBJC_IMPLICIT_RETAIN_SELF = YES;
				CLANG_WARN_OBJC_LITERAL_CONVERSION = YES;
				CLANG_WARN_OBJC_ROOT_CLASS = YES_ERROR;
				CLANG_WARN_QUOTED_INCLUDE_IN_FRAMEWORK_HEADER = YES;
				CLANG_WARN_RANGE_LOOP_ANALYSIS = YES;
				CLANG_WARN_STRICT_PROTOTYPES = YES;
				CLANG_WARN_SUSPICIOUS_MOVE = YES;
				CLANG_WARN_UNGUARDED_AVAILABILITY = YES_AGGRESSIVE;
				CLANG_WARN_UNREACHABLE_CODE = YES;
				CLANG_WARN__DUPLICATE_METHOD_MATCH = YES;
				COPY_PHASE_STRIP = NO;
				DEBUG_INFORMATION_FORMAT = "dwarf-with-dsym";
				ENABLE_NS_ASSERTIONS = NO;
				ENABLE_STRICT_OBJC_MSGSEND = YES;
				ENABLE_USER_SCRIPT_SANDBOXING = YES;
				GCC_C_LANGUAGE_STANDARD = gnu17;
				GCC_NO_COMMON_BLOCKS = YES;
				GCC_WARN_64_TO_32_BIT_CONVERSION = YES;
				GCC_WARN_ABOUT_RETURN_TYPE = YES_ERROR;
				GCC_WARN_UNDECLARED_SELECTOR = YES;
				GCC_WARN_UNINITIALIZED_AUTOS = YES_AGGRESSIVE;
				GCC_WARN_UNUSED_FUNCTION = YES;
				GCC_WARN_UNUSED_VARIABLE = YES;
				IPHONEOS_DEPLOYMENT_TARGET = 17.5;
				LOCALIZATION_PREFERS_STRING_CATALOGS = YES;
				MTL_ENABLE_DEBUG_INFO = NO;
				MTL_FAST_MATH = YES;
				SDKROOT = iphoneos;
				SWIFT_COMPILATION_MODE = wholemodule;
				VALIDATE_PRODUCT = YES;
			};
			name = Release;
		};
		E4CFA9CF2C8AFE1700F69D9D /* Debug */ = {
			isa = XCBuildConfiguration;
			buildSettings = {
				ASSETCATALOG_COMPILER_APPICON_NAME = AppIcon;
				ASSETCATALOG_COMPILER_GLOBAL_ACCENT_COLOR_NAME = AccentColor;
				CODE_SIGN_STYLE = Automatic;
				CURRENT_PROJECT_VERSION = 1;
				DEVELOPMENT_ASSET_PATHS = "\"GameBuddyForge/Preview Content\"";
				ENABLE_PREVIEWS = YES;
				GENERATE_INFOPLIST_FILE = YES;
				INFOPLIST_FILE = GameBuddyForge/Info.plist;
				INFOPLIST_KEY_UIApplicationSceneManifest_Generation = YES;
				INFOPLIST_KEY_UIApplicationSupportsIndirectInputEvents = YES;
				INFOPLIST_KEY_UILaunchScreen_Generation = YES;
				INFOPLIST_KEY_UISupportedInterfaceOrientations_iPad = "UIInterfaceOrientationPortrait UIInterfaceOrientationPortraitUpsideDown UIInterfaceOrientationLandscapeLeft UIInterfaceOrientationLandscapeRight";
				INFOPLIST_KEY_UISupportedInterfaceOrientations_iPhone = "UIInterfaceOrientationPortrait UIInterfaceOrientationLandscapeLeft UIInterfaceOrientationLandscapeRight";
				LD_RUNPATH_SEARCH_PATHS = (
					"$(inherited)",
					"@executable_path/Frameworks",
				);
				MARKETING_VERSION = 1.0;
				PRODUCT_BUNDLE_IDENTIFIER = Me.GameBuddyForge;
				PRODUCT_NAME = "$(TARGET_NAME)";
				SWIFT_EMIT_LOC_STRINGS = YES;
				SWIFT_VERSION = 5.0;
				TARGETED_DEVICE_FAMILY = "1,2";
			};
			name = Debug;
		};
		E4CFA9D02C8AFE1700F69D9D /* Release */ = {
			isa = XCBuildConfiguration;
			buildSettings = {
				ASSETCATALOG_COMPILER_APPICON_NAME = AppIcon;
				ASSETCATALOG_COMPILER_GLOBAL_ACCENT_COLOR_NAME = AccentColor;
				CODE_SIGN_STYLE = Automatic;
				CURRENT_PROJECT_VERSION = 1;
				DEVELOPMENT_ASSET_PATHS = "\"GameBuddyForge/Preview Content\"";
				ENABLE_PREVIEWS = YES;
				GENERATE_INFOPLIST_FILE = YES;
				INFOPLIST_FILE = GameBuddyForge/Info.plist;
				INFOPLIST_KEY_UIApplicationSceneManifest_Generation = YES;
				INFOPLIST_KEY_UIApplicationSupportsIndirectInputEvents = YES;
				INFOPLIST_KEY_UILaunchScreen_Generation = YES;
				INFOPLIST_KEY_UISupportedInterfaceOrientations_iPad = "UIInterfaceOrientationPortrait UIInterfaceOrientationPortraitUpsideDown UIInterfaceOrientationLandscapeLeft UIInterfaceOrientationLandscapeRight";
				INFOPLIST_KEY_UISupportedInterfaceOrientations_iPhone = "UIInterfaceOrientationPortrait UIInterfaceOrientationLandscapeLeft UIInterfaceOrientationLandscapeRight";
				LD_RUNPATH_SEARCH_PATHS = (
					"$(inherited)",
					"@executable_path/Frameworks",
				);
				MARKETING_VERSION = 1.0;
				PRODUCT_BUNDLE_IDENTIFIER = Me.GameBuddyForge;
				PRODUCT_NAME = "$(TARGET_NAME)";
				SWIFT_EMIT_LOC_STRINGS = YES;
				SWIFT_VERSION = 5.0;
				TARGETED_DEVICE_FAMILY = "1,2";
			};
			name = Release;
		};
/* End XCBuildConfiguration section */

/* Begin XCConfigurationList section */
		E4CFA9A52C8AFE1500F69D9D /* Build configuration list for PBXProject "GameBuddyForge" */ = {
			isa = XCConfigurationList;
			buildConfigurations = (
				E4CFA9CC2C8AFE1700F69D9D /* Debug */,
				E4CFA9CD2C8AFE1700F69D9D /* Release */,
			);
			defaultConfigurationIsVisible = 0;
			defaultConfigurationName = Release;
		};
		E4CFA9CE2C8AFE1700F69D9D /* Build configuration list for PBXNativeTarget "GameBuddyForge" */ = {
			isa = XCConfigurationList;
			buildConfigurations = (
				E4CFA9CF2C8AFE1700F69D9D /* Debug */,
				E4CFA9D02C8AFE1700F69D9D /* Release */,
			);
			defaultConfigurationIsVisible = 0;
			defaultConfigurationName = Release;
		};
/* End XCConfigurationList section */

/* Begin XCRemoteSwiftPackageReference section */
		E4AF311F2CA2C02D007DC8B9 /* XCRemoteSwiftPackageReference "firebase-ios-sdk" */ = {
			isa = XCRemoteSwiftPackageReference;
			repositoryURL = "https://github.com/firebase/firebase-ios-sdk";
			requirement = {
				kind = upToNextMajorVersion;
				minimumVersion = 11.2.0;
			};
		};
/* End XCRemoteSwiftPackageReference section */

/* Begin XCSwiftPackageProductDependency section */
		E4AF31202CA2C02D007DC8B9 /* FirebaseAnalytics */ = {
			isa = XCSwiftPackageProductDependency;
			package = E4AF311F2CA2C02D007DC8B9 /* XCRemoteSwiftPackageReference "firebase-ios-sdk" */;
			productName = FirebaseAnalytics;
		};
		E4AF31222CA2C02D007DC8B9 /* FirebaseAnalyticsOnDeviceConversion */ = {
			isa = XCSwiftPackageProductDependency;
			package = E4AF311F2CA2C02D007DC8B9 /* XCRemoteSwiftPackageReference "firebase-ios-sdk" */;
			productName = FirebaseAnalyticsOnDeviceConversion;
		};
		E4AF31242CA2C02D007DC8B9 /* FirebaseAnalyticsWithoutAdIdSupport */ = {
			isa = XCSwiftPackageProductDependency;
			package = E4AF311F2CA2C02D007DC8B9 /* XCRemoteSwiftPackageReference "firebase-ios-sdk" */;
			productName = FirebaseAnalyticsWithoutAdIdSupport;
		};
		E4AF31262CA2C02D007DC8B9 /* FirebaseAppCheck */ = {
			isa = XCSwiftPackageProductDependency;
			package = E4AF311F2CA2C02D007DC8B9 /* XCRemoteSwiftPackageReference "firebase-ios-sdk" */;
			productName = FirebaseAppCheck;
		};
		E4AF31282CA2C02D007DC8B9 /* FirebaseAppDistribution-Beta */ = {
			isa = XCSwiftPackageProductDependency;
			package = E4AF311F2CA2C02D007DC8B9 /* XCRemoteSwiftPackageReference "firebase-ios-sdk" */;
			productName = "FirebaseAppDistribution-Beta";
		};
		E4AF312A2CA2C02D007DC8B9 /* FirebaseAuth */ = {
			isa = XCSwiftPackageProductDependency;
			package = E4AF311F2CA2C02D007DC8B9 /* XCRemoteSwiftPackageReference "firebase-ios-sdk" */;
			productName = FirebaseAuth;
		};
		E4AF312C2CA2C02D007DC8B9 /* FirebaseAuthCombine-Community */ = {
			isa = XCSwiftPackageProductDependency;
			package = E4AF311F2CA2C02D007DC8B9 /* XCRemoteSwiftPackageReference "firebase-ios-sdk" */;
			productName = "FirebaseAuthCombine-Community";
		};
		E4AF312E2CA2C02D007DC8B9 /* FirebaseCrashlytics */ = {
			isa = XCSwiftPackageProductDependency;
			package = E4AF311F2CA2C02D007DC8B9 /* XCRemoteSwiftPackageReference "firebase-ios-sdk" */;
			productName = FirebaseCrashlytics;
		};
		E4AF31302CA2C02D007DC8B9 /* FirebaseDatabase */ = {
			isa = XCSwiftPackageProductDependency;
			package = E4AF311F2CA2C02D007DC8B9 /* XCRemoteSwiftPackageReference "firebase-ios-sdk" */;
			productName = FirebaseDatabase;
		};
		E4AF31322CA2C02D007DC8B9 /* FirebaseDynamicLinks */ = {
			isa = XCSwiftPackageProductDependency;
			package = E4AF311F2CA2C02D007DC8B9 /* XCRemoteSwiftPackageReference "firebase-ios-sdk" */;
			productName = FirebaseDynamicLinks;
		};
		E4AF31342CA2C02D007DC8B9 /* FirebaseFirestore */ = {
			isa = XCSwiftPackageProductDependency;
			package = E4AF311F2CA2C02D007DC8B9 /* XCRemoteSwiftPackageReference "firebase-ios-sdk" */;
			productName = FirebaseFirestore;
		};
		E4AF31362CA2C02D007DC8B9 /* FirebaseFirestoreCombine-Community */ = {
			isa = XCSwiftPackageProductDependency;
			package = E4AF311F2CA2C02D007DC8B9 /* XCRemoteSwiftPackageReference "firebase-ios-sdk" */;
			productName = "FirebaseFirestoreCombine-Community";
		};
		E4AF31382CA2C02D007DC8B9 /* FirebaseFunctions */ = {
			isa = XCSwiftPackageProductDependency;
			package = E4AF311F2CA2C02D007DC8B9 /* XCRemoteSwiftPackageReference "firebase-ios-sdk" */;
			productName = FirebaseFunctions;
		};
		E4AF313A2CA2C02D007DC8B9 /* FirebaseFunctionsCombine-Community */ = {
			isa = XCSwiftPackageProductDependency;
			package = E4AF311F2CA2C02D007DC8B9 /* XCRemoteSwiftPackageReference "firebase-ios-sdk" */;
			productName = "FirebaseFunctionsCombine-Community";
		};
		E4AF313C2CA2C02D007DC8B9 /* FirebaseInAppMessaging-Beta */ = {
			isa = XCSwiftPackageProductDependency;
			package = E4AF311F2CA2C02D007DC8B9 /* XCRemoteSwiftPackageReference "firebase-ios-sdk" */;
			productName = "FirebaseInAppMessaging-Beta";
		};
		E4AF313E2CA2C02D007DC8B9 /* FirebaseInstallations */ = {
			isa = XCSwiftPackageProductDependency;
			package = E4AF311F2CA2C02D007DC8B9 /* XCRemoteSwiftPackageReference "firebase-ios-sdk" */;
			productName = FirebaseInstallations;
		};
		E4AF31402CA2C02D007DC8B9 /* FirebaseMLModelDownloader */ = {
			isa = XCSwiftPackageProductDependency;
			package = E4AF311F2CA2C02D007DC8B9 /* XCRemoteSwiftPackageReference "firebase-ios-sdk" */;
			productName = FirebaseMLModelDownloader;
		};
		E4AF31422CA2C02D007DC8B9 /* FirebaseMessaging */ = {
			isa = XCSwiftPackageProductDependency;
			package = E4AF311F2CA2C02D007DC8B9 /* XCRemoteSwiftPackageReference "firebase-ios-sdk" */;
			productName = FirebaseMessaging;
		};
		E4AF31442CA2C02D007DC8B9 /* FirebasePerformance */ = {
			isa = XCSwiftPackageProductDependency;
			package = E4AF311F2CA2C02D007DC8B9 /* XCRemoteSwiftPackageReference "firebase-ios-sdk" */;
			productName = FirebasePerformance;
		};
		E4AF31462CA2C02D007DC8B9 /* FirebaseRemoteConfig */ = {
			isa = XCSwiftPackageProductDependency;
			package = E4AF311F2CA2C02D007DC8B9 /* XCRemoteSwiftPackageReference "firebase-ios-sdk" */;
			productName = FirebaseRemoteConfig;
		};
		E4AF31482CA2C02D007DC8B9 /* FirebaseStorage */ = {
			isa = XCSwiftPackageProductDependency;
			package = E4AF311F2CA2C02D007DC8B9 /* XCRemoteSwiftPackageReference "firebase-ios-sdk" */;
			productName = FirebaseStorage;
		};
		E4AF314A2CA2C02D007DC8B9 /* FirebaseStorageCombine-Community */ = {
			isa = XCSwiftPackageProductDependency;
			package = E4AF311F2CA2C02D007DC8B9 /* XCRemoteSwiftPackageReference "firebase-ios-sdk" */;
			productName = "FirebaseStorageCombine-Community";
		};
		E4AF314C2CA2C02D007DC8B9 /* FirebaseVertexAI-Preview */ = {
			isa = XCSwiftPackageProductDependency;
			package = E4AF311F2CA2C02D007DC8B9 /* XCRemoteSwiftPackageReference "firebase-ios-sdk" */;
			productName = "FirebaseVertexAI-Preview";
		};
/* End XCSwiftPackageProductDependency section */
	};
	rootObject = E4CFA9A22C8AFE1500F69D9D /* Project object */;
}
